// !$*UTF8*$!
{
	archiveVersion = 1;
	classes = {
	};
	objectVersion = 46;
	objects = {

/* Begin PBXBuildFile section */
		F10D5F0E1B71A37400932FCF /* main.m in Sources */ = {isa = PBXBuildFile; fileRef = F10D5F0D1B71A37400932FCF /* main.m */; };
		F10D5F111B71A37400932FCF /* AppDelegate.m in Sources */ = {isa = PBXBuildFile; fileRef = F10D5F101B71A37400932FCF /* AppDelegate.m */; };
		F10D5F141B71A37400932FCF /* ViewController.m in Sources */ = {isa = PBXBuildFile; fileRef = F10D5F131B71A37400932FCF /* ViewController.m */; };
		F10D5F171B71A37400932FCF /* Main.storyboard in Resources */ = {isa = PBXBuildFile; fileRef = F10D5F151B71A37400932FCF /* Main.storyboard */; };
		F10D5F191B71A37400932FCF /* Images.xcassets in Resources */ = {isa = PBXBuildFile; fileRef = F10D5F181B71A37400932FCF /* Images.xcassets */; };
		F10D5F1C1B71A37400932FCF /* LaunchScreen.xib in Resources */ = {isa = PBXBuildFile; fileRef = F10D5F1A1B71A37400932FCF /* LaunchScreen.xib */; };
		F10D5F281B71A37400932FCF /* AutoScrollLabelTests.m in Sources */ = {isa = PBXBuildFile; fileRef = F10D5F271B71A37400932FCF /* AutoScrollLabelTests.m */; };
		F10D5F341B71A3AE00932FCF /* VAutoScrollLabel.m in Sources */ = {isa = PBXBuildFile; fileRef = F10D5F331B71A3AE00932FCF /* VAutoScrollLabel.m */; };
/* End PBXBuildFile section */

/* Begin PBXContainerItemProxy section */
		F10D5F221B71A37400932FCF /* PBXContainerItemProxy */ = {
			isa = PBXContainerItemProxy;
			containerPortal = F10D5F001B71A37400932FCF /* Project object */;
			proxyType = 1;
			remoteGlobalIDString = F10D5F071B71A37400932FCF;
			remoteInfo = AutoScrollLabel;
		};
/* End PBXContainerItemProxy section */

/* Begin PBXFileReference section */
		F10D5F081B71A37400932FCF /* AutoScrollLabel.app */ = {isa = PBXFileReference; explicitFileType = wrapper.application; includeInIndex = 0; path = AutoScrollLabel.app; sourceTree = BUILT_PRODUCTS_DIR; };
		F10D5F0C1B71A37400932FCF /* Info.plist */ = {isa = PBXFileReference; lastKnownFileType = text.plist.xml; path = Info.plist; sourceTree = "<group>"; };
		F10D5F0D1B71A37400932FCF /* main.m */ = {isa = PBXFileReference; lastKnownFileType = sourcecode.c.objc; path = main.m; sourceTree = "<group>"; };
		F10D5F0F1B71A37400932FCF /* AppDelegate.h */ = {isa = PBXFileReference; lastKnownFileType = sourcecode.c.h; path = AppDelegate.h; sourceTree = "<group>"; };
		F10D5F101B71A37400932FCF /* AppDelegate.m */ = {isa = PBXFileReference; lastKnownFileType = sourcecode.c.objc; path = AppDelegate.m; sourceTree = "<group>"; };
		F10D5F121B71A37400932FCF /* ViewController.h */ = {isa = PBXFileReference; lastKnownFileType = sourcecode.c.h; path = ViewController.h; sourceTree = "<group>"; };
		F10D5F131B71A37400932FCF /* ViewController.m */ = {isa = PBXFileReference; lastKnownFileType = sourcecode.c.objc; path = ViewController.m; sourceTree = "<group>"; };
		F10D5F161B71A37400932FCF /* Base */ = {isa = PBXFileReference; lastKnownFileType = file.storyboard; name = Base; path = Base.lproj/Main.storyboard; sourceTree = "<group>"; };
		F10D5F181B71A37400932FCF /* Images.xcassets */ = {isa = PBXFileReference; lastKnownFileType = folder.assetcatalog; path = Images.xcassets; sourceTree = "<group>"; };
		F10D5F1B1B71A37400932FCF /* Base */ = {isa = PBXFileReference; lastKnownFileType = file.xib; name = Base; path = Base.lproj/LaunchScreen.xib; sourceTree = "<group>"; };
		F10D5F211B71A37400932FCF /* AutoScrollLabelTests.xctest */ = {isa = PBXFileReference; explicitFileType = wrapper.cfbundle; includeInIndex = 0; path = AutoScrollLabelTests.xctest; sourceTree = BUILT_PRODUCTS_DIR; };
		F10D5F261B71A37400932FCF /* Info.plist */ = {isa = PBXFileReference; lastKnownFileType = text.plist.xml; path = Info.plist; sourceTree = "<group>"; };
		F10D5F271B71A37400932FCF /* AutoScrollLabelTests.m */ = {isa = PBXFileReference; lastKnownFileType = sourcecode.c.objc; path = AutoScrollLabelTests.m; sourceTree = "<group>"; };
		F10D5F321B71A3AE00932FCF /* VAutoScrollLabel.h */ = {isa = PBXFileReference; fileEncoding = 4; lastKnownFileType = sourcecode.c.h; path = VAutoScrollLabel.h; sourceTree = "<group>"; };
		F10D5F331B71A3AE00932FCF /* VAutoScrollLabel.m */ = {isa = PBXFileReference; fileEncoding = 4; lastKnownFileType = sourcecode.c.objc; path = VAutoScrollLabel.m; sourceTree = "<group>"; };
/* End PBXFileReference section */

/* Begin PBXFrameworksBuildPhase section */
		F10D5F051B71A37400932FCF /* Frameworks */ = {
			isa = PBXFrameworksBuildPhase;
			buildActionMask = 2147483647;
			files = (
			);
			runOnlyForDeploymentPostprocessing = 0;
		};
		F10D5F1E1B71A37400932FCF /* Frameworks */ = {
			isa = PBXFrameworksBuildPhase;
			buildActionMask = 2147483647;
			files = (
			);
			runOnlyForDeploymentPostprocessing = 0;
		};
/* End PBXFrameworksBuildPhase section */

/* Begin PBXGroup section */
		F10D5EFF1B71A37400932FCF = {
			isa = PBXGroup;
			children = (
				F10D5F0A1B71A37400932FCF /* AutoScrollLabel */,
				F10D5F241B71A37400932FCF /* AutoScrollLabelTests */,
				F10D5F091B71A37400932FCF /* Products */,
			);
			sourceTree = "<group>";
		};
		F10D5F091B71A37400932FCF /* Products */ = {
			isa = PBXGroup;
			children = (
				F10D5F081B71A37400932FCF /* AutoScrollLabel.app */,
				F10D5F211B71A37400932FCF /* AutoScrollLabelTests.xctest */,
			);
			name = Products;
			sourceTree = "<group>";
		};
		F10D5F0A1B71A37400932FCF /* AutoScrollLabel */ = {
			isa = PBXGroup;
			children = (
				F10D5F311B71A39400932FCF /* VAutoScrollLabel */,
				F10D5F0F1B71A37400932FCF /* AppDelegate.h */,
				F10D5F101B71A37400932FCF /* AppDelegate.m */,
				F10D5F121B71A37400932FCF /* ViewController.h */,
				F10D5F131B71A37400932FCF /* ViewController.m */,
				F10D5F151B71A37400932FCF /* Main.storyboard */,
				F10D5F181B71A37400932FCF /* Images.xcassets */,
				F10D5F1A1B71A37400932FCF /* LaunchScreen.xib */,
				F10D5F0B1B71A37400932FCF /* Supporting Files */,
			);
			path = AutoScrollLabel;
			sourceTree = "<group>";
		};
		F10D5F0B1B71A37400932FCF /* Supporting Files */ = {
			isa = PBXGroup;
			children = (
				F10D5F0C1B71A37400932FCF /* Info.plist */,
				F10D5F0D1B71A37400932FCF /* main.m */,
			);
			name = "Supporting Files";
			sourceTree = "<group>";
		};
		F10D5F241B71A37400932FCF /* AutoScrollLabelTests */ = {
			isa = PBXGroup;
			children = (
				F10D5F271B71A37400932FCF /* AutoScrollLabelTests.m */,
				F10D5F251B71A37400932FCF /* Supporting Files */,
			);
			path = AutoScrollLabelTests;
			sourceTree = "<group>";
		};
		F10D5F251B71A37400932FCF /* Supporting Files */ = {
			isa = PBXGroup;
			children = (
				F10D5F261B71A37400932FCF /* Info.plist */,
			);
			name = "Supporting Files";
			sourceTree = "<group>";
		};
		F10D5F311B71A39400932FCF /* VAutoScrollLabel */ = {
			isa = PBXGroup;
			children = (
				F10D5F321B71A3AE00932FCF /* VAutoScrollLabel.h */,
				F10D5F331B71A3AE00932FCF /* VAutoScrollLabel.m */,
			);
			path = VAutoScrollLabel;
			sourceTree = "<group>";
		};
/* End PBXGroup section */

/* Begin PBXNativeTarget section */
		F10D5F071B71A37400932FCF /* AutoScrollLabel */ = {
			isa = PBXNativeTarget;
			buildConfigurationList = F10D5F2B1B71A37400932FCF /* Build configuration list for PBXNativeTarget "AutoScrollLabel" */;
			buildPhases = (
				F10D5F041B71A37400932FCF /* Sources */,
				F10D5F051B71A37400932FCF /* Frameworks */,
				F10D5F061B71A37400932FCF /* Resources */,
			);
			buildRules = (
			);
			dependencies = (
			);
			name = AutoScrollLabel;
			productName = AutoScrollLabel;
			productReference = F10D5F081B71A37400932FCF /* AutoScrollLabel.app */;
			productType = "com.apple.product-type.application";
		};
		F10D5F201B71A37400932FCF /* AutoScrollLabelTests */ = {
			isa = PBXNativeTarget;
			buildConfigurationList = F10D5F2E1B71A37400932FCF /* Build configuration list for PBXNativeTarget "AutoScrollLabelTests" */;
			buildPhases = (
				F10D5F1D1B71A37400932FCF /* Sources */,
				F10D5F1E1B71A37400932FCF /* Frameworks */,
				F10D5F1F1B71A37400932FCF /* Resources */,
			);
			buildRules = (
			);
			dependencies = (
				F10D5F231B71A37400932FCF /* PBXTargetDependency */,
			);
			name = AutoScrollLabelTests;
			productName = AutoScrollLabelTests;
			productReference = F10D5F211B71A37400932FCF /* AutoScrollLabelTests.xctest */;
			productType = "com.apple.product-type.bundle.unit-test";
		};
/* End PBXNativeTarget section */

/* Begin PBXProject section */
		F10D5F001B71A37400932FCF /* Project object */ = {
			isa = PBXProject;
			attributes = {
				LastUpgradeCheck = 0640;
				ORGANIZATIONNAME = Vols;
				TargetAttributes = {
					F10D5F071B71A37400932FCF = {
						CreatedOnToolsVersion = 6.4;
					};
					F10D5F201B71A37400932FCF = {
						CreatedOnToolsVersion = 6.4;
						TestTargetID = F10D5F071B71A37400932FCF;
					};
				};
			};
			buildConfigurationList = F10D5F031B71A37400932FCF /* Build configuration list for PBXProject "AutoScrollLabel" */;
			compatibilityVersion = "Xcode 3.2";
			developmentRegion = English;
			hasScannedForEncodings = 0;
			knownRegions = (
				en,
				Base,
			);
			mainGroup = F10D5EFF1B71A37400932FCF;
			productRefGroup = F10D5F091B71A37400932FCF /* Products */;
			projectDirPath = "";
			projectRoot = "";
			targets = (
				F10D5F071B71A37400932FCF /* AutoScrollLabel */,
				F10D5F201B71A37400932FCF /* AutoScrollLabelTests */,
			);
		};
/* End PBXProject section */

/* Begin PBXResourcesBuildPhase section */
		F10D5F061B71A37400932FCF /* Resources */ = {
			isa = PBXResourcesBuildPhase;
			buildActionMask = 2147483647;
			files = (
				F10D5F171B71A37400932FCF /* Main.storyboard in Resources */,
				F10D5F1C1B71A37400932FCF /* LaunchScreen.xib in Resources */,
				F10D5F191B71A37400932FCF /* Images.xcassets in Resources */,
			);
			runOnlyForDeploymentPostprocessing = 0;
		};
		F10D5F1F1B71A37400932FCF /* Resources */ = {
			isa = PBXResourcesBuildPhase;
			buildActionMask = 2147483647;
			files = (
			);
			runOnlyForDeploymentPostprocessing = 0;
		};
/* End PBXResourcesBuildPhase section */

/* Begin PBXSourcesBuildPhase section */
		F10D5F041B71A37400932FCF /* Sources */ = {
			isa = PBXSourcesBuildPhase;
			buildActionMask = 2147483647;
			files = (
				F10D5F141B71A37400932FCF /* ViewController.m in Sources */,
				F10D5F111B71A37400932FCF /* AppDelegate.m in Sources */,
				F10D5F0E1B71A37400932FCF /* main.m in Sources */,
				F10D5F341B71A3AE00932FCF /* VAutoScrollLabel.m in Sources */,
			);
			runOnlyForDeploymentPostprocessing = 0;
		};
		F10D5F1D1B71A37400932FCF /* Sources */ = {
			isa = PBXSourcesBuildPhase;
			buildActionMask = 2147483647;
			files = (
				F10D5F281B71A37400932FCF /* AutoScrollLabelTests.m in Sources */,
			);
			runOnlyForDeploymentPostprocessing = 0;
		};
/* End PBXSourcesBuildPhase section */

/* Begin PBXTargetDependency section */
		F10D5F231B71A37400932FCF /* PBXTargetDependency */ = {
			isa = PBXTargetDependency;
			target = F10D5F071B71A37400932FCF /* AutoScrollLabel */;
			targetProxy = F10D5F221B71A37400932FCF /* PBXContainerItemProxy */;
		};
/* End PBXTargetDependency section */

/* Begin PBXVariantGroup section */
		F10D5F151B71A37400932FCF /* Main.storyboard */ = {
			isa = PBXVariantGroup;
			children = (
				F10D5F161B71A37400932FCF /* Base */,
			);
			name = Main.storyboard;
			sourceTree = "<group>";
		};
		F10D5F1A1B71A37400932FCF /* LaunchScreen.xib */ = {
			isa = PBXVariantGroup;
			children = (
				F10D5F1B1B71A37400932FCF /* Base */,
			);
			name = LaunchScreen.xib;
			sourceTree = "<group>";
		};
/* End PBXVariantGroup section */

/* Begin XCBuildConfiguration section */
		F10D5F291B71A37400932FCF /* Debug */ = {
			isa = XCBuildConfiguration;
			buildSettings = {
				ALWAYS_SEARCH_USER_PATHS = NO;
				CLANG_CXX_LANGUAGE_STANDARD = "gnu++0x";
				CLANG_CXX_LIBRARY = "libc++";
				CLANG_ENABLE_MODULES = YES;
				CLANG_ENABLE_OBJC_ARC = YES;
				CLANG_WARN_BOOL_CONVERSION = YES;
				CLANG_WARN_CONSTANT_CONVERSION = YES;
				CLANG_WARN_DIRECT_OBJC_ISA_USAGE = YES_ERROR;
				CLANG_WARN_EMPTY_BODY = YES;
				CLANG_WARN_ENUM_CONVERSION = YES;
				CLANG_WARN_INT_CONVERSION = YES;
				CLANG_WARN_OBJC_ROOT_CLASS = YES_ERROR;
				CLANG_WARN_UNREACHABLE_CODE = YES;
				CLANG_WARN__DUPLICATE_METHOD_MATCH = YES;
				"CODE_SIGN_IDENTITY[sdk=iphoneos*]" = "iPhone Developer";
				COPY_PHASE_STRIP = NO;
				DEBUG_INFORMATION_FORMAT = "dwarf-with-dsym";
				ENABLE_STRICT_OBJC_MSGSEND = YES;
				GCC_C_LANGUAGE_STANDARD = gnu99;
				GCC_DYNAMIC_NO_PIC = NO;
				GCC_NO_COMMON_BLOCKS = YES;
				GCC_OPTIMIZATION_LEVEL = 0;
				GCC_PREPROCESSOR_DEFINITIONS = (
					"DEBUG=1",
					"$(inherited)",
				);
				GCC_SYMBOLS_PRIVATE_EXTERN = NO;
				GCC_WARN_64_TO_32_BIT_CONVERSION = YES;
				GCC_WARN_ABOUT_RETURN_TYPE = YES_ERROR;
				GCC_WARN_UNDECLARED_SELECTOR = YES;
				GCC_WARN_UNINITIALIZED_AUTOS = YES_AGGRESSIVE;
				GCC_WARN_UNUSED_FUNCTION = YES;
				GCC_WARN_UNUSED_VARIABLE = YES;
				IPHONEOS_DEPLOYMENT_TARGET = 8.4;
				MTL_ENABLE_DEBUG_INFO = YES;
				ONLY_ACTIVE_ARCH = YES;
				SDKROOT = iphoneos;
			};
			name = Debug;
		};
		F10D5F2A1B71A37400932FCF /* Release */ = {
			isa = XCBuildConfiguration;
			buildSettings = {
				ALWAYS_SEARCH_USER_PATHS = NO;
				CLANG_CXX_LANGUAGE_STANDARD = "gnu++0x";
				CLANG_CXX_LIBRARY = "libc++";
				CLANG_ENABLE_MODULES = YES;
				CLANG_ENABLE_OBJC_ARC = YES;
				CLANG_WARN_BOOL_CONVERSION = YES;
				CLANG_WARN_CONSTANT_CONVERSION = YES;
				CLANG_WARN_DIRECT_OBJC_ISA_USAGE = YES_ERROR;
				CLANG_WARN_EMPTY_BODY = YES;
				CLANG_WARN_ENUM_CONVERSION = YES;
				CLANG_WARN_INT_CONVERSION = YES;
				CLANG_WARN_OBJC_ROOT_CLASS = YES_ERROR;
				CLANG_WARN_UNREACHABLE_CODE = YES;
				CLANG_WARN__DUPLICATE_METHOD_MATCH = YES;
				"CODE_SIGN_IDENTITY[sdk=iphoneos*]" = "iPhone Developer";
				COPY_PHASE_STRIP = NO;
				DEBUG_INFORMATION_FORMAT = "dwarf-with-dsym";
				ENABLE_NS_ASSERTIONS = NO;
				ENABLE_STRICT_OBJC_MSGSEND = YES;
				GCC_C_LANGUAGE_STANDARD = gnu99;
				GCC_NO_COMMON_BLOCKS = YES;
				GCC_WARN_64_TO_32_BIT_CONVERSION = YES;
				GCC_WARN_ABOUT_RETURN_TYPE = YES_ERROR;
				GCC_WARN_UNDECLARED_SELECTOR = YES;
				GCC_WARN_UNINITIALIZED_AUTOS = YES_AGGRESSIVE;
				GCC_WARN_UNUSED_FUNCTION = YES;
				GCC_WARN_UNUSED_VARIABLE = YES;
				IPHONEOS_DEPLOYMENT_TARGET = 8.4;
				MTL_ENABLE_DEBUG_INFO = NO;
				SDKROOT = iphoneos;
				VALIDATE_PRODUCT = YES;
			};
			name = Release;
		};
		F10D5F2C1B71A37400932FCF /* Debug */ = {
			isa = XCBuildConfiguration;
			buildSettings = {
				ASSETCATALOG_COMPILER_APPICON_NAME = AppIcon;
				INFOPLIST_FILE = AutoScrollLabel/Info.plist;
				LD_RUNPATH_SEARCH_PATHS = "$(inherited) @executable_path/Frameworks";
				PRODUCT_NAME = "$(TARGET_NAME)";
			};
			name = Debug;
		};
		F10D5F2D1B71A37400932FCF /* Release */ = {
			isa = XCBuildConfiguration;
			buildSettings = {
				ASSETCATALOG_COMPILER_APPICON_NAME = AppIcon;
				INFOPLIST_FILE = AutoScrollLabel/Info.plist;
				LD_RUNPATH_SEARCH_PATHS = "$(inherited) @executable_path/Frameworks";
				PRODUCT_NAME = "$(TARGET_NAME)";
			};
			name = Release;
		};
		F10D5F2F1B71A37400932FCF /* Debug */ = {
			isa = XCBuildConfiguration;
			buildSettings = {
				BUNDLE_LOADER = "$(TEST_HOST)";
				FRAMEWORK_SEARCH_PATHS = (
					"$(SDKROOT)/Developer/Library/Frameworks",
					"$(inherited)",
				);
				GCC_PREPROCESSOR_DEFINITIONS = (
					"DEBUG=1",
					"$(inherited)",
				);
				INFOPLIST_FILE = AutoScrollLabelTests/Info.plist;
				LD_RUNPATH_SEARCH_PATHS = "$(inherited) @executable_path/Frameworks @loader_path/Frameworks";
				PRODUCT_NAME = "$(TARGET_NAME)";
				TEST_HOST = "$(BUILT_PRODUCTS_DIR)/AutoScrollLabel.app/AutoScrollLabel";
			};
			name = Debug;
		};
		F10D5F301B71A37400932FCF /* Release */ = {
			isa = XCBuildConfiguration;
			buildSettings = {
				BUNDLE_LOADER = "$(TEST_HOST)";
				FRAMEWORK_SEARCH_PATHS = (
					"$(SDKROOT)/Developer/Library/Frameworks",
					"$(inherited)",
				);
				INFOPLIST_FILE = AutoScrollLabelTests/Info.plist;
				LD_RUNPATH_SEARCH_PATHS = "$(inherited) @executable_path/Frameworks @loader_path/Frameworks";
				PRODUCT_NAME = "$(TARGET_NAME)";
				TEST_HOST = "$(BUILT_PRODUCTS_DIR)/AutoScrollLabel.app/AutoScrollLabel";
			};
			name = Release;
		};
/* End XCBuildConfiguration section */

/* Begin XCConfigurationList section */
		F10D5F031B71A37400932FCF /* Build configuration list for PBXProject "AutoScrollLabel" */ = {
			isa = XCConfigurationList;
			buildConfigurations = (
				F10D5F291B71A37400932FCF /* Debug */,
				F10D5F2A1B71A37400932FCF /* Release */,
			);
			defaultConfigurationIsVisible = 0;
			defaultConfigurationName = Release;
		};
		F10D5F2B1B71A37400932FCF /* Build configuration list for PBXNativeTarget "AutoScrollLabel" */ = {
			isa = XCConfigurationList;
			buildConfigurations = (
				F10D5F2C1B71A37400932FCF /* Debug */,
				F10D5F2D1B71A37400932FCF /* Release */,
			);
			defaultConfigurationIsVisible = 0;
		};
		F10D5F2E1B71A37400932FCF /* Build configuration list for PBXNativeTarget "AutoScrollLabelTests" */ = {
			isa = XCConfigurationList;
			buildConfigurations = (
				F10D5F2F1B71A37400932FCF /* Debug */,
				F10D5F301B71A37400932FCF /* Release */,
			);
			defaultConfigurationIsVisible = 0;
		};
/* End XCConfigurationList section */
	};
	rootObject = F10D5F001B71A37400932FCF /* Project object */;
}
